{
  "name": "guilh",
  "lockfileVersion": 2,
  "requires": true,
  "packages": {
    "": {
      "dependencies": {
        "dinosaur-fetcher": "^1.1.4",
        "nvm": "^0.0.4"
      }
    },
    "node_modules/dinosaur-fetcher": {
      "version": "1.1.4",
      "resolved": "https://registry.npmjs.org/dinosaur-fetcher/-/dinosaur-fetcher-1.1.4.tgz",
      "integrity": "sha512-TjIPGkEbVIeB51g5LfDWAL9hxR29Gy05a27e4seiljzlpdDSpJ6UUAwR3853gLoxFjxLNswnX8Yy7bp+dgzN/Q=="
    },
    "node_modules/nvm": {
      "version": "0.0.4",
      "resolved": "https://registry.npmjs.org/nvm/-/nvm-0.0.4.tgz",
      "integrity": "sha512-jvmyELykYcdyd0VCGY0E8Aqe5MngEasVvlPvrcJHbwBMUbVqa72mPdQuPzyTcykEtEx7jDrMY0QA5MoV+8EhgA==",
      "deprecated": "This is NOT the correct nvm. Visit https://nvm.sh and use the curl command to install it.",
      "bin": {
        "nvm": "bin/nvm"
      }
    }
  },
  "dependencies": {
    "dinosaur-fetcher": {
      "version": "1.1.4",
      "resolved": "https://registry.npmjs.org/dinosaur-fetcher/-/dinosaur-fetcher-1.1.4.tgz",
      "integrity": "sha512-TjIPGkEbVIeB51g5LfDWAL9hxR29Gy05a27e4seiljzlpdDSpJ6UUAwR3853gLoxFjxLNswnX8Yy7bp+dgzN/Q=="
    },
    "nvm": {
      "version": "0.0.4",
      "resolved": "https://registry.npmjs.org/nvm/-/nvm-0.0.4.tgz",
      "integrity": "sha512-jvmyELykYcdyd0VCGY0E8Aqe5MngEasVvlPvrcJHbwBMUbVqa72mPdQuPzyTcykEtEx7jDrMY0QA5MoV+8EhgA=="
    }
  }
}
